
Microsoft Visual Studio Solution File, Format Version 12.00
# Visual Studio Version 17
VisualStudioVersion = 17.3.32901.215
MinimumVisualStudioVersion = 10.0.40219.1
Project("{9A19103F-16F7-4668-BE54-9A1E7A4F7556}") = "BlazorProject.Tests", "BlazorProject.Tests\BlazorProject.Tests.csproj", "{AAC9F7A2-FC89-4DEE-946B-D686DF6574FB}"
EndProject
Project("{2150E333-8FDC-42A3-9474-1A3956D46DE8}") = "Solution Items", "Solution Items", "{C0826EE3-12B0-4C14-AEF6-AB294E69644B}"
	ProjectSection(SolutionItems) = preProject
		.gitignore = .gitignore
		local.settings.json = local.settings.json
		README.md = README.md
	EndProjectSection
EndProject
Project("{9A19103F-16F7-4668-BE54-9A1E7A4F7556}") = "BlazorProject.Shared", "BlazorProject.Shared\BlazorProject.Shared.csproj", "{521EA6EB-8822-4F50-98C9-01FFBF432102}"
EndProject
Project("{9A19103F-16F7-4668-BE54-9A1E7A4F7556}") = "BlazorProject.Server", "BlazorProject.Server\BlazorProject.Server.csproj", "{7964BD17-D11D-426E-B71A-8777325A398C}"
EndProject
Project("{FAE04EC0-301F-11D3-BF4B-00C04F79EFBC}") = "BlazorProject.NotesApp", "BlazorProject.NotesApp\BlazorProject.NotesApp.csproj", "{A22B53A2-A7C0-4A11-BB9A-43714E32ED51}"
EndProject
Global
	GlobalSection(SolutionConfigurationPlatforms) = preSolution
		Debug|Any CPU = Debug|Any CPU
		Release|Any CPU = Release|Any CPU
	EndGlobalSection
	GlobalSection(ProjectConfigurationPlatforms) = postSolution
		{AAC9F7A2-FC89-4DEE-946B-D686DF6574FB}.Debug|Any CPU.ActiveCfg = Debug|Any CPU
		{AAC9F7A2-FC89-4DEE-946B-D686DF6574FB}.Debug|Any CPU.Build.0 = Debug|Any CPU
		{AAC9F7A2-FC89-4DEE-946B-D686DF6574FB}.Release|Any CPU.ActiveCfg = Release|Any CPU
		{AAC9F7A2-FC89-4DEE-946B-D686DF6574FB}.Release|Any CPU.Build.0 = Release|Any CPU
		{521EA6EB-8822-4F50-98C9-01FFBF432102}.Debug|Any CPU.ActiveCfg = Debug|Any CPU
		{521EA6EB-8822-4F50-98C9-01FFBF432102}.Debug|Any CPU.Build.0 = Debug|Any CPU
		{521EA6EB-8822-4F50-98C9-01FFBF432102}.Release|Any CPU.ActiveCfg = Release|Any CPU
		{521EA6EB-8822-4F50-98C9-01FFBF432102}.Release|Any CPU.Build.0 = Release|Any CPU
		{7964BD17-D11D-426E-B71A-8777325A398C}.Debug|Any CPU.ActiveCfg = Debug|Any CPU
		{7964BD17-D11D-426E-B71A-8777325A398C}.Debug|Any CPU.Build.0 = Debug|Any CPU
		{7964BD17-D11D-426E-B71A-8777325A398C}.Release|Any CPU.ActiveCfg = Release|Any CPU
		{7964BD17-D11D-426E-B71A-8777325A398C}.Release|Any CPU.Build.0 = Release|Any CPU
		{A22B53A2-A7C0-4A11-BB9A-43714E32ED51}.Debug|Any CPU.ActiveCfg = Debug|Any CPU
		{A22B53A2-A7C0-4A11-BB9A-43714E32ED51}.Debug|Any CPU.Build.0 = Debug|Any CPU
		{A22B53A2-A7C0-4A11-BB9A-43714E32ED51}.Debug|Any CPU.Deploy.0 = Debug|Any CPU
		{A22B53A2-A7C0-4A11-BB9A-43714E32ED51}.Release|Any CPU.ActiveCfg = Release|Any CPU
		{A22B53A2-A7C0-4A11-BB9A-43714E32ED51}.Release|Any CPU.Build.0 = Release|Any CPU
		{A22B53A2-A7C0-4A11-BB9A-43714E32ED51}.Release|Any CPU.Deploy.0 = Release|Any CPU
	EndGlobalSection
	GlobalSection(SolutionProperties) = preSolution
		HideSolutionNode = FALSE
	EndGlobalSection
	GlobalSection(ExtensibilityGlobals) = postSolution
		SolutionGuid = {9F2F7F31-AA26-4C31-A637-C0F5303B8EF3}
	EndGlobalSection
EndGlobal
